
Microsoft Visual Studio Solution File, Format Version 12.00
# Visual Studio 15
VisualStudioVersion = 15.0.28010.2003
MinimumVisualStudioVersion = 10.0.40219.1
Project("{FAE04EC0-301F-11D3-BF4B-00C04F79EFBC}") = "Drill_92", "Drill_92\Drill_92.csproj", "{D7998FF6-1151-4F9A-8C05-7862422AA358}"
EndProject
Global
	GlobalSection(SolutionConfigurationPlatforms) = preSolution
		Debug|Any CPU = Debug|Any CPU
		Release|Any CPU = Release|Any CPU
	EndGlobalSection
	GlobalSection(ProjectConfigurationPlatforms) = postSolution
		{D7998FF6-1151-4F9A-8C05-7862422AA358}.Debug|Any CPU.ActiveCfg = Debug|Any CPU
		{D7998FF6-1151-4F9A-8C05-7862422AA358}.Debug|Any CPU.Build.0 = Debug|Any CPU
		{D7998FF6-1151-4F9A-8C05-7862422AA358}.Release|Any CPU.ActiveCfg = Release|Any CPU
		{D7998FF6-1151-4F9A-8C05-7862422AA358}.Release|Any CPU.Build.0 = Release|Any CPU
	EndGlobalSection
	GlobalSection(SolutionProperties) = preSolution
		HideSolutionNode = FALSE
	EndGlobalSection
	GlobalSection(ExtensibilityGlobals) = postSolution
		SolutionGuid = {CE70C287-0B82-400B-BC3C-7EB29791A044}
	EndGlobalSection
EndGlobal
