
Microsoft Visual Studio Solution File, Format Version 12.00
# Visual Studio 15
VisualStudioVersion = 15.0.28307.329
MinimumVisualStudioVersion = 10.0.40219.1
Project("{FAE04EC0-301F-11D3-BF4B-00C04F79EFBC}") = "Drill_115", "Drill_115\Drill_115.csproj", "{E7D96E9F-DEAB-40AC-9547-94B624F68FC8}"
EndProject
Global
	GlobalSection(SolutionConfigurationPlatforms) = preSolution
		Debug|Any CPU = Debug|Any CPU
		Release|Any CPU = Release|Any CPU
	EndGlobalSection
	GlobalSection(ProjectConfigurationPlatforms) = postSolution
		{E7D96E9F-DEAB-40AC-9547-94B624F68FC8}.Debug|Any CPU.ActiveCfg = Debug|Any CPU
		{E7D96E9F-DEAB-40AC-9547-94B624F68FC8}.Debug|Any CPU.Build.0 = Debug|Any CPU
		{E7D96E9F-DEAB-40AC-9547-94B624F68FC8}.Release|Any CPU.ActiveCfg = Release|Any CPU
		{E7D96E9F-DEAB-40AC-9547-94B624F68FC8}.Release|Any CPU.Build.0 = Release|Any CPU
	EndGlobalSection
	GlobalSection(SolutionProperties) = preSolution
		HideSolutionNode = FALSE
	EndGlobalSection
	GlobalSection(ExtensibilityGlobals) = postSolution
		SolutionGuid = {CFED7DFB-FA50-4004-A102-B1F993B04A3D}
	EndGlobalSection
EndGlobal
