
Microsoft Visual Studio Solution File, Format Version 12.00
# Visual Studio 15
VisualStudioVersion = 15.0.28010.2003
MinimumVisualStudioVersion = 10.0.40219.1
Project("{FAE04EC0-301F-11D3-BF4B-00C04F79EFBC}") = "Drill_94", "Drill_94\Drill_94.csproj", "{1B6E92E9-3402-4F04-BCD0-0389B135CFF4}"
EndProject
Global
	GlobalSection(SolutionConfigurationPlatforms) = preSolution
		Debug|Any CPU = Debug|Any CPU
		Release|Any CPU = Release|Any CPU
	EndGlobalSection
	GlobalSection(ProjectConfigurationPlatforms) = postSolution
		{1B6E92E9-3402-4F04-BCD0-0389B135CFF4}.Debug|Any CPU.ActiveCfg = Debug|Any CPU
		{1B6E92E9-3402-4F04-BCD0-0389B135CFF4}.Debug|Any CPU.Build.0 = Debug|Any CPU
		{1B6E92E9-3402-4F04-BCD0-0389B135CFF4}.Release|Any CPU.ActiveCfg = Release|Any CPU
		{1B6E92E9-3402-4F04-BCD0-0389B135CFF4}.Release|Any CPU.Build.0 = Release|Any CPU
	EndGlobalSection
	GlobalSection(SolutionProperties) = preSolution
		HideSolutionNode = FALSE
	EndGlobalSection
	GlobalSection(ExtensibilityGlobals) = postSolution
		SolutionGuid = {5F1AE4F1-DB39-4750-A841-D8CE944198BA}
	EndGlobalSection
EndGlobal
