
Microsoft Visual Studio Solution File, Format Version 12.00
# Visual Studio 15
VisualStudioVersion = 15.0.28307.645
MinimumVisualStudioVersion = 10.0.40219.1
Project("{FAE04EC0-301F-11D3-BF4B-00C04F79EFBC}") = "Drill_131", "Drill_131\Drill_131.csproj", "{434C072C-25D4-49FD-B41B-F0F0C060AC43}"
EndProject
Global
	GlobalSection(SolutionConfigurationPlatforms) = preSolution
		Debug|Any CPU = Debug|Any CPU
		Release|Any CPU = Release|Any CPU
	EndGlobalSection
	GlobalSection(ProjectConfigurationPlatforms) = postSolution
		{434C072C-25D4-49FD-B41B-F0F0C060AC43}.Debug|Any CPU.ActiveCfg = Debug|Any CPU
		{434C072C-25D4-49FD-B41B-F0F0C060AC43}.Debug|Any CPU.Build.0 = Debug|Any CPU
		{434C072C-25D4-49FD-B41B-F0F0C060AC43}.Release|Any CPU.ActiveCfg = Release|Any CPU
		{434C072C-25D4-49FD-B41B-F0F0C060AC43}.Release|Any CPU.Build.0 = Release|Any CPU
	EndGlobalSection
	GlobalSection(SolutionProperties) = preSolution
		HideSolutionNode = FALSE
	EndGlobalSection
	GlobalSection(ExtensibilityGlobals) = postSolution
		SolutionGuid = {4B1CEDD2-0D6B-41A0-8B7B-7EDE136A6458}
	EndGlobalSection
EndGlobal
