
Microsoft Visual Studio Solution File, Format Version 12.00
# Visual Studio 15
VisualStudioVersion = 15.0.28307.645
MinimumVisualStudioVersion = 10.0.40219.1
Project("{FAE04EC0-301F-11D3-BF4B-00C04F79EFBC}") = "Drill_165", "Drill_165\Drill_165.csproj", "{B47708BE-1950-404B-A782-B7B51F4FB250}"
EndProject
Global
	GlobalSection(SolutionConfigurationPlatforms) = preSolution
		Debug|Any CPU = Debug|Any CPU
		Release|Any CPU = Release|Any CPU
	EndGlobalSection
	GlobalSection(ProjectConfigurationPlatforms) = postSolution
		{B47708BE-1950-404B-A782-B7B51F4FB250}.Debug|Any CPU.ActiveCfg = Debug|Any CPU
		{B47708BE-1950-404B-A782-B7B51F4FB250}.Debug|Any CPU.Build.0 = Debug|Any CPU
		{B47708BE-1950-404B-A782-B7B51F4FB250}.Release|Any CPU.ActiveCfg = Release|Any CPU
		{B47708BE-1950-404B-A782-B7B51F4FB250}.Release|Any CPU.Build.0 = Release|Any CPU
	EndGlobalSection
	GlobalSection(SolutionProperties) = preSolution
		HideSolutionNode = FALSE
	EndGlobalSection
	GlobalSection(ExtensibilityGlobals) = postSolution
		SolutionGuid = {2D3DED90-2268-4A7C-BDC9-AEA6CA1E9ACB}
	EndGlobalSection
EndGlobal
