
Microsoft Visual Studio Solution File, Format Version 12.00
# Visual Studio 15
VisualStudioVersion = 15.0.28307.329
MinimumVisualStudioVersion = 10.0.40219.1
Project("{FAE04EC0-301F-11D3-BF4B-00C04F79EFBC}") = "Drill_156", "Drill_156\Drill_156.csproj", "{5A022458-88AA-459F-A6B1-E91D64EE4262}"
EndProject
Global
	GlobalSection(SolutionConfigurationPlatforms) = preSolution
		Debug|Any CPU = Debug|Any CPU
		Release|Any CPU = Release|Any CPU
	EndGlobalSection
	GlobalSection(ProjectConfigurationPlatforms) = postSolution
		{5A022458-88AA-459F-A6B1-E91D64EE4262}.Debug|Any CPU.ActiveCfg = Debug|Any CPU
		{5A022458-88AA-459F-A6B1-E91D64EE4262}.Debug|Any CPU.Build.0 = Debug|Any CPU
		{5A022458-88AA-459F-A6B1-E91D64EE4262}.Release|Any CPU.ActiveCfg = Release|Any CPU
		{5A022458-88AA-459F-A6B1-E91D64EE4262}.Release|Any CPU.Build.0 = Release|Any CPU
	EndGlobalSection
	GlobalSection(SolutionProperties) = preSolution
		HideSolutionNode = FALSE
	EndGlobalSection
	GlobalSection(ExtensibilityGlobals) = postSolution
		SolutionGuid = {62D28770-892E-4126-93AC-93751F5A2811}
	EndGlobalSection
EndGlobal
