
Microsoft Visual Studio Solution File, Format Version 12.00
# Visual Studio 15
VisualStudioVersion = 15.0.28307.329
MinimumVisualStudioVersion = 10.0.40219.1
Project("{FAE04EC0-301F-11D3-BF4B-00C04F79EFBC}") = "Drill_111", "Drill_111\Drill_111.csproj", "{18CF730E-F0DE-4299-9E19-F91F27CB267D}"
EndProject
Global
	GlobalSection(SolutionConfigurationPlatforms) = preSolution
		Debug|Any CPU = Debug|Any CPU
		Release|Any CPU = Release|Any CPU
	EndGlobalSection
	GlobalSection(ProjectConfigurationPlatforms) = postSolution
		{18CF730E-F0DE-4299-9E19-F91F27CB267D}.Debug|Any CPU.ActiveCfg = Debug|Any CPU
		{18CF730E-F0DE-4299-9E19-F91F27CB267D}.Debug|Any CPU.Build.0 = Debug|Any CPU
		{18CF730E-F0DE-4299-9E19-F91F27CB267D}.Release|Any CPU.ActiveCfg = Release|Any CPU
		{18CF730E-F0DE-4299-9E19-F91F27CB267D}.Release|Any CPU.Build.0 = Release|Any CPU
	EndGlobalSection
	GlobalSection(SolutionProperties) = preSolution
		HideSolutionNode = FALSE
	EndGlobalSection
	GlobalSection(ExtensibilityGlobals) = postSolution
		SolutionGuid = {516A8CE9-5F6D-4942-8EC4-E62C328B32EC}
	EndGlobalSection
EndGlobal
