
Microsoft Visual Studio Solution File, Format Version 12.00
# Visual Studio 15
VisualStudioVersion = 15.0.28307.645
MinimumVisualStudioVersion = 10.0.40219.1
Project("{9A19103F-16F7-4668-BE54-9A1E7A4F7556}") = "Drill_126", "ConsoleApp1\Drill_126.csproj", "{FB65C43E-B042-423F-9D76-0DCB0BC367EB}"
EndProject
Global
	GlobalSection(SolutionConfigurationPlatforms) = preSolution
		Debug|Any CPU = Debug|Any CPU
		Release|Any CPU = Release|Any CPU
	EndGlobalSection
	GlobalSection(ProjectConfigurationPlatforms) = postSolution
		{FB65C43E-B042-423F-9D76-0DCB0BC367EB}.Debug|Any CPU.ActiveCfg = Debug|Any CPU
		{FB65C43E-B042-423F-9D76-0DCB0BC367EB}.Debug|Any CPU.Build.0 = Debug|Any CPU
		{FB65C43E-B042-423F-9D76-0DCB0BC367EB}.Release|Any CPU.ActiveCfg = Release|Any CPU
		{FB65C43E-B042-423F-9D76-0DCB0BC367EB}.Release|Any CPU.Build.0 = Release|Any CPU
	EndGlobalSection
	GlobalSection(SolutionProperties) = preSolution
		HideSolutionNode = FALSE
	EndGlobalSection
	GlobalSection(ExtensibilityGlobals) = postSolution
		SolutionGuid = {858CB893-970E-4253-B904-E2E4024AACB4}
	EndGlobalSection
EndGlobal
