
Microsoft Visual Studio Solution File, Format Version 12.00
# Visual Studio 15
VisualStudioVersion = 15.0.28010.2003
MinimumVisualStudioVersion = 10.0.40219.1
Project("{FAE04EC0-301F-11D3-BF4B-00C04F79EFBC}") = "Drill_106", "Drill_106\Drill_106.csproj", "{BDE91D3E-ABF6-4960-92D2-8D192C3EFACE}"
EndProject
Global
	GlobalSection(SolutionConfigurationPlatforms) = preSolution
		Debug|Any CPU = Debug|Any CPU
		Release|Any CPU = Release|Any CPU
	EndGlobalSection
	GlobalSection(ProjectConfigurationPlatforms) = postSolution
		{BDE91D3E-ABF6-4960-92D2-8D192C3EFACE}.Debug|Any CPU.ActiveCfg = Debug|Any CPU
		{BDE91D3E-ABF6-4960-92D2-8D192C3EFACE}.Debug|Any CPU.Build.0 = Debug|Any CPU
		{BDE91D3E-ABF6-4960-92D2-8D192C3EFACE}.Release|Any CPU.ActiveCfg = Release|Any CPU
		{BDE91D3E-ABF6-4960-92D2-8D192C3EFACE}.Release|Any CPU.Build.0 = Release|Any CPU
	EndGlobalSection
	GlobalSection(SolutionProperties) = preSolution
		HideSolutionNode = FALSE
	EndGlobalSection
	GlobalSection(ExtensibilityGlobals) = postSolution
		SolutionGuid = {43E69BB7-8E16-4BBF-9D38-CB315EDC09DD}
	EndGlobalSection
EndGlobal
