
Microsoft Visual Studio Solution File, Format Version 12.00
# Visual Studio 15
VisualStudioVersion = 15.0.28307.329
MinimumVisualStudioVersion = 10.0.40219.1
Project("{FAE04EC0-301F-11D3-BF4B-00C04F79EFBC}") = "Drill_114", "Drill_114\Drill_114.csproj", "{D132241D-3233-4CD3-892A-A3ED759F8525}"
EndProject
Global
	GlobalSection(SolutionConfigurationPlatforms) = preSolution
		Debug|Any CPU = Debug|Any CPU
		Release|Any CPU = Release|Any CPU
	EndGlobalSection
	GlobalSection(ProjectConfigurationPlatforms) = postSolution
		{D132241D-3233-4CD3-892A-A3ED759F8525}.Debug|Any CPU.ActiveCfg = Debug|Any CPU
		{D132241D-3233-4CD3-892A-A3ED759F8525}.Debug|Any CPU.Build.0 = Debug|Any CPU
		{D132241D-3233-4CD3-892A-A3ED759F8525}.Release|Any CPU.ActiveCfg = Release|Any CPU
		{D132241D-3233-4CD3-892A-A3ED759F8525}.Release|Any CPU.Build.0 = Release|Any CPU
	EndGlobalSection
	GlobalSection(SolutionProperties) = preSolution
		HideSolutionNode = FALSE
	EndGlobalSection
	GlobalSection(ExtensibilityGlobals) = postSolution
		SolutionGuid = {AE8E3D04-2601-4B24-B7F6-6116DA4C0684}
	EndGlobalSection
EndGlobal
